
Microsoft Visual Studio Solution File, Format Version 12.00
# Visual Studio Express 2012 for Web
Project("{FAE04EC0-301F-11D3-BF4B-00C04F79EFBC}") = "SermonAudioOrganizer.Web", "SermonAudioOrganizer\SermonAudioOrganizer.Web.csproj", "{6C427B42-D457-4FC4-9F89-03F7870FBBAB}"
EndProject
Project("{FAE04EC0-301F-11D3-BF4B-00C04F79EFBC}") = "SermonAudioOrganizer.Tests", "SermonAudioOrganizer.Tests\SermonAudioOrganizer.Tests.csproj", "{B27DA466-3F73-4C91-841A-E57A3957EE84}"
EndProject
Project("{FAE04EC0-301F-11D3-BF4B-00C04F79EFBC}") = "SermonAudioOrganizer.Domain", "SermonAudioOrganizer.Domain\SermonAudioOrganizer.Domain.csproj", "{15094125-9F9D-409A-9123-558B01081431}"
EndProject
Project("{FAE04EC0-301F-11D3-BF4B-00C04F79EFBC}") = "MediaScan", "MediaScan\MediaScan.csproj", "{ACCF4D45-DB08-4A8A-BC48-683A261D8427}"
EndProject
Project("{FAE04EC0-301F-11D3-BF4B-00C04F79EFBC}") = "MediaScan.Tests", "MediaScan.Tests\MediaScan.Tests.csproj", "{93ED046D-38E6-417B-AE65-98AFA3D1E612}"
EndProject
Global
	GlobalSection(SolutionConfigurationPlatforms) = preSolution
		Debug|Any CPU = Debug|Any CPU
		Release|Any CPU = Release|Any CPU
	EndGlobalSection
	GlobalSection(ProjectConfigurationPlatforms) = postSolution
		{6C427B42-D457-4FC4-9F89-03F7870FBBAB}.Debug|Any CPU.ActiveCfg = Debug|Any CPU
		{6C427B42-D457-4FC4-9F89-03F7870FBBAB}.Debug|Any CPU.Build.0 = Debug|Any CPU
		{6C427B42-D457-4FC4-9F89-03F7870FBBAB}.Release|Any CPU.ActiveCfg = Release|Any CPU
		{6C427B42-D457-4FC4-9F89-03F7870FBBAB}.Release|Any CPU.Build.0 = Release|Any CPU
		{B27DA466-3F73-4C91-841A-E57A3957EE84}.Debug|Any CPU.ActiveCfg = Debug|Any CPU
		{B27DA466-3F73-4C91-841A-E57A3957EE84}.Debug|Any CPU.Build.0 = Debug|Any CPU
		{B27DA466-3F73-4C91-841A-E57A3957EE84}.Release|Any CPU.ActiveCfg = Release|Any CPU
		{B27DA466-3F73-4C91-841A-E57A3957EE84}.Release|Any CPU.Build.0 = Release|Any CPU
		{15094125-9F9D-409A-9123-558B01081431}.Debug|Any CPU.ActiveCfg = Debug|Any CPU
		{15094125-9F9D-409A-9123-558B01081431}.Debug|Any CPU.Build.0 = Debug|Any CPU
		{15094125-9F9D-409A-9123-558B01081431}.Release|Any CPU.ActiveCfg = Release|Any CPU
		{15094125-9F9D-409A-9123-558B01081431}.Release|Any CPU.Build.0 = Release|Any CPU
		{ACCF4D45-DB08-4A8A-BC48-683A261D8427}.Debug|Any CPU.ActiveCfg = Debug|Any CPU
		{ACCF4D45-DB08-4A8A-BC48-683A261D8427}.Debug|Any CPU.Build.0 = Debug|Any CPU
		{ACCF4D45-DB08-4A8A-BC48-683A261D8427}.Release|Any CPU.ActiveCfg = Release|Any CPU
		{ACCF4D45-DB08-4A8A-BC48-683A261D8427}.Release|Any CPU.Build.0 = Release|Any CPU
		{93ED046D-38E6-417B-AE65-98AFA3D1E612}.Debug|Any CPU.ActiveCfg = Debug|Any CPU
		{93ED046D-38E6-417B-AE65-98AFA3D1E612}.Debug|Any CPU.Build.0 = Debug|Any CPU
		{93ED046D-38E6-417B-AE65-98AFA3D1E612}.Release|Any CPU.ActiveCfg = Release|Any CPU
		{93ED046D-38E6-417B-AE65-98AFA3D1E612}.Release|Any CPU.Build.0 = Release|Any CPU
	EndGlobalSection
	GlobalSection(SolutionProperties) = preSolution
		HideSolutionNode = FALSE
	EndGlobalSection
EndGlobal
